
Microsoft Visual Studio Solution File, Format Version 12.00
Project("{F2A71F9B-5D33-465A-A702-920D77279786}") = "Giraffe", "src\Giraffe.fsproj", "{D1421855-75E5-4C3D-96B4-6ADF43A0D967}"
EndProject
Project("{F2A71F9B-5D33-465A-A702-920D77279786}") = "TestProject1", "test\TestProject1\TestProject1.fsproj", "{2B7B5CAE-EB92-4C5B-AE69-9503B7950063}"
EndProject
Global
	GlobalSection(SolutionConfigurationPlatforms) = preSolution
		Debug|Any CPU = Debug|Any CPU
		Release|Any CPU = Release|Any CPU
	EndGlobalSection
	GlobalSection(ProjectConfigurationPlatforms) = postSolution
		{D1421855-75E5-4C3D-96B4-6ADF43A0D967}.Debug|Any CPU.ActiveCfg = Debug|Any CPU
		{D1421855-75E5-4C3D-96B4-6ADF43A0D967}.Debug|Any CPU.Build.0 = Debug|Any CPU
		{D1421855-75E5-4C3D-96B4-6ADF43A0D967}.Release|Any CPU.ActiveCfg = Release|Any CPU
		{D1421855-75E5-4C3D-96B4-6ADF43A0D967}.Release|Any CPU.Build.0 = Release|Any CPU
		{2B7B5CAE-EB92-4C5B-AE69-9503B7950063}.Debug|Any CPU.ActiveCfg = Debug|Any CPU
		{2B7B5CAE-EB92-4C5B-AE69-9503B7950063}.Debug|Any CPU.Build.0 = Debug|Any CPU
		{2B7B5CAE-EB92-4C5B-AE69-9503B7950063}.Release|Any CPU.ActiveCfg = Release|Any CPU
		{2B7B5CAE-EB92-4C5B-AE69-9503B7950063}.Release|Any CPU.Build.0 = Release|Any CPU
	EndGlobalSection
EndGlobal
